// !$*UTF8*$!
{
	archiveVersion = 1;
	classes = {
	};
	objectVersion = 46;
	objects = {

/* Begin PBXBuildFile section */
		921C807F1D0334580057BCBD /* Feed+CoreDataProperties.m in Sources */ = {isa = PBXBuildFile; fileRef = 921C80741D0334580057BCBD /* Feed+CoreDataProperties.m */; };
		921C80801D0334580057BCBD /* Feed.m in Sources */ = {isa = PBXBuildFile; fileRef = 921C80761D0334580057BCBD /* Feed.m */; };
		921C80811D0334580057BCBD /* FeedItem+CoreDataProperties.m in Sources */ = {isa = PBXBuildFile; fileRef = 921C80781D0334580057BCBD /* FeedItem+CoreDataProperties.m */; };
		921C80821D0334580057BCBD /* FeedItem.m in Sources */ = {isa = PBXBuildFile; fileRef = 921C807A1D0334580057BCBD /* FeedItem.m */; };
		921C80831D0334580057BCBD /* FeedItemEnclosure+CoreDataProperties.m in Sources */ = {isa = PBXBuildFile; fileRef = 921C807C1D0334580057BCBD /* FeedItemEnclosure+CoreDataProperties.m */; };
		921C80841D0334580057BCBD /* FeedItemEnclosure.m in Sources */ = {isa = PBXBuildFile; fileRef = 921C807E1D0334580057BCBD /* FeedItemEnclosure.m */; };
		921C80881D03391F0057BCBD /* DemoAVItem.m in Sources */ = {isa = PBXBuildFile; fileRef = 921C80871D03391F0057BCBD /* DemoAVItem.m */; };
		921C808E1D0339410057BCBD /* DemoTTSItem.m in Sources */ = {isa = PBXBuildFile; fileRef = 921C808D1D0339410057BCBD /* DemoTTSItem.m */; };
		921C80911D033D0F0057BCBD /* DemoItemBase.m in Sources */ = {isa = PBXBuildFile; fileRef = 921C80901D033D0F0057BCBD /* DemoItemBase.m */; };
		92488F291CFF281200077C78 /* WebRequestItemSource.m in Sources */ = {isa = PBXBuildFile; fileRef = 92488F281CFF281200077C78 /* WebRequestItemSource.m */; };
		92488F2C1CFF282800077C78 /* LocalCacheItemSource.m in Sources */ = {isa = PBXBuildFile; fileRef = 92488F2B1CFF282800077C78 /* LocalCacheItemSource.m */; };
		92488F331CFF2F5A00077C78 /* DemoItemFactory.m in Sources */ = {isa = PBXBuildFile; fileRef = 92488F321CFF2F5A00077C78 /* DemoItemFactory.m */; };
		924A4CF01CFE97F300EC9B12 /* main.m in Sources */ = {isa = PBXBuildFile; fileRef = 924A4CEF1CFE97F300EC9B12 /* main.m */; };
		924A4CF31CFE97F300EC9B12 /* AppDelegate.m in Sources */ = {isa = PBXBuildFile; fileRef = 924A4CF21CFE97F300EC9B12 /* AppDelegate.m */; };
		924A4CF61CFE97F300EC9B12 /* ViewController.m in Sources */ = {isa = PBXBuildFile; fileRef = 924A4CF51CFE97F300EC9B12 /* ViewController.m */; };
		924A4CF91CFE97F300EC9B12 /* Main.storyboard in Resources */ = {isa = PBXBuildFile; fileRef = 924A4CF71CFE97F300EC9B12 /* Main.storyboard */; };
		924A4CFB1CFE97F300EC9B12 /* Assets.xcassets in Resources */ = {isa = PBXBuildFile; fileRef = 924A4CFA1CFE97F300EC9B12 /* Assets.xcassets */; };
		924A4CFE1CFE97F300EC9B12 /* LaunchScreen.storyboard in Resources */ = {isa = PBXBuildFile; fileRef = 924A4CFC1CFE97F300EC9B12 /* LaunchScreen.storyboard */; };
		924A4D091CFE97F300EC9B12 /* JVSChannelPlayerDemoTests.m in Sources */ = {isa = PBXBuildFile; fileRef = 924A4D081CFE97F300EC9B12 /* JVSChannelPlayerDemoTests.m */; };
		924A4D141CFE97F300EC9B12 /* JVSChannelPlayerDemoUITests.m in Sources */ = {isa = PBXBuildFile; fileRef = 924A4D131CFE97F300EC9B12 /* JVSChannelPlayerDemoUITests.m */; };
		924A4D2B1CFE984F00EC9B12 /* JVSChannelPlayer.framework in Frameworks */ = {isa = PBXBuildFile; fileRef = 924A4D2A1CFE984F00EC9B12 /* JVSChannelPlayer.framework */; };
		92AC5C8B1D085012001561BD /* DemoChannel.m in Sources */ = {isa = PBXBuildFile; fileRef = 92AC5C8A1D085012001561BD /* DemoChannel.m */; };
		92CAF0971D01B7730079AB24 /* Podfile in Resources */ = {isa = PBXBuildFile; fileRef = 92CAF0961D01B7730079AB24 /* Podfile */; };
		92CAF09A1D01BEAC0079AB24 /* RSSOrAtomFeedParser.m in Sources */ = {isa = PBXBuildFile; fileRef = 92CAF0991D01BEAC0079AB24 /* RSSOrAtomFeedParser.m */; };
		92CAF0D91D01DC6E0079AB24 /* JVSChannelPlayerDemo.xcdatamodeld in Sources */ = {isa = PBXBuildFile; fileRef = 92CAF0D11D01DC6E0079AB24 /* JVSChannelPlayerDemo.xcdatamodeld */; };
		92DD07D61D0071F0009F5D5B /* DemoPlayerFactory.m in Sources */ = {isa = PBXBuildFile; fileRef = 92DD07D51D0071F0009F5D5B /* DemoPlayerFactory.m */; };
		92DE34461D0B0164003694C5 /* NSString+StripHtml.m in Sources */ = {isa = PBXBuildFile; fileRef = 92DE34451D0B0164003694C5 /* NSString+StripHtml.m */; };
		BE21293111F7CA248780B4CB /* libPods-JVSChannelPlayerDemo.a in Frameworks */ = {isa = PBXBuildFile; fileRef = 152F2F42A5B3FD868EEFE1A4 /* libPods-JVSChannelPlayerDemo.a */; };
/* End PBXBuildFile section */

/* Begin PBXContainerItemProxy section */
		924A4D051CFE97F300EC9B12 /* PBXContainerItemProxy */ = {
			isa = PBXContainerItemProxy;
			containerPortal = 924A4CE31CFE97F300EC9B12 /* Project object */;
			proxyType = 1;
			remoteGlobalIDString = 924A4CEA1CFE97F300EC9B12;
			remoteInfo = JVSChannelPlayerDemo;
		};
		924A4D101CFE97F300EC9B12 /* PBXContainerItemProxy */ = {
			isa = PBXContainerItemProxy;
			containerPortal = 924A4CE31CFE97F300EC9B12 /* Project object */;
			proxyType = 1;
			remoteGlobalIDString = 924A4CEA1CFE97F300EC9B12;
			remoteInfo = JVSChannelPlayerDemo;
		};
/* End PBXContainerItemProxy section */

/* Begin PBXFileReference section */
		070E3002577F96DC4DB9369D /* Pods-JVSChannelPlayerDemo.debug.xcconfig */ = {isa = PBXFileReference; includeInIndex = 1; lastKnownFileType = text.xcconfig; name = "Pods-JVSChannelPlayerDemo.debug.xcconfig"; path = "Pods/Target Support Files/Pods-JVSChannelPlayerDemo/Pods-JVSChannelPlayerDemo.debug.xcconfig"; sourceTree = "<group>"; };
		152F2F42A5B3FD868EEFE1A4 /* libPods-JVSChannelPlayerDemo.a */ = {isa = PBXFileReference; explicitFileType = archive.ar; includeInIndex = 0; path = "libPods-JVSChannelPlayerDemo.a"; sourceTree = BUILT_PRODUCTS_DIR; };
		725CE85B459860D3A31522CD /* Pods-JVSChannelPlayerDemo.release.xcconfig */ = {isa = PBXFileReference; includeInIndex = 1; lastKnownFileType = text.xcconfig; name = "Pods-JVSChannelPlayerDemo.release.xcconfig"; path = "Pods/Target Support Files/Pods-JVSChannelPlayerDemo/Pods-JVSChannelPlayerDemo.release.xcconfig"; sourceTree = "<group>"; };
		921C80731D0334580057BCBD /* Feed+CoreDataProperties.h */ = {isa = PBXFileReference; fileEncoding = 4; lastKnownFileType = sourcecode.c.h; path = "Feed+CoreDataProperties.h"; sourceTree = "<group>"; };
		921C80741D0334580057BCBD /* Feed+CoreDataProperties.m */ = {isa = PBXFileReference; fileEncoding = 4; lastKnownFileType = sourcecode.c.objc; path = "Feed+CoreDataProperties.m"; sourceTree = "<group>"; };
		921C80751D0334580057BCBD /* Feed.h */ = {isa = PBXFileReference; fileEncoding = 4; lastKnownFileType = sourcecode.c.h; path = Feed.h; sourceTree = "<group>"; };
		921C80761D0334580057BCBD /* Feed.m */ = {isa = PBXFileReference; fileEncoding = 4; lastKnownFileType = sourcecode.c.objc; path = Feed.m; sourceTree = "<group>"; };
		921C80771D0334580057BCBD /* FeedItem+CoreDataProperties.h */ = {isa = PBXFileReference; fileEncoding = 4; lastKnownFileType = sourcecode.c.h; path = "FeedItem+CoreDataProperties.h"; sourceTree = "<group>"; };
		921C80781D0334580057BCBD /* FeedItem+CoreDataProperties.m */ = {isa = PBXFileReference; fileEncoding = 4; lastKnownFileType = sourcecode.c.objc; path = "FeedItem+CoreDataProperties.m"; sourceTree = "<group>"; };
		921C80791D0334580057BCBD /* FeedItem.h */ = {isa = PBXFileReference; fileEncoding = 4; lastKnownFileType = sourcecode.c.h; path = FeedItem.h; sourceTree = "<group>"; };
		921C807A1D0334580057BCBD /* FeedItem.m */ = {isa = PBXFileReference; fileEncoding = 4; lastKnownFileType = sourcecode.c.objc; path = FeedItem.m; sourceTree = "<group>"; };
		921C807B1D0334580057BCBD /* FeedItemEnclosure+CoreDataProperties.h */ = {isa = PBXFileReference; fileEncoding = 4; lastKnownFileType = sourcecode.c.h; path = "FeedItemEnclosure+CoreDataProperties.h"; sourceTree = "<group>"; };
		921C807C1D0334580057BCBD /* FeedItemEnclosure+CoreDataProperties.m */ = {isa = PBXFileReference; fileEncoding = 4; lastKnownFileType = sourcecode.c.objc; path = "FeedItemEnclosure+CoreDataProperties.m"; sourceTree = "<group>"; };
		921C807D1D0334580057BCBD /* FeedItemEnclosure.h */ = {isa = PBXFileReference; fileEncoding = 4; lastKnownFileType = sourcecode.c.h; path = FeedItemEnclosure.h; sourceTree = "<group>"; };
		921C807E1D0334580057BCBD /* FeedItemEnclosure.m */ = {isa = PBXFileReference; fileEncoding = 4; lastKnownFileType = sourcecode.c.objc; path = FeedItemEnclosure.m; sourceTree = "<group>"; };
		921C80861D03391F0057BCBD /* DemoAVItem.h */ = {isa = PBXFileReference; fileEncoding = 4; lastKnownFileType = sourcecode.c.h; path = DemoAVItem.h; sourceTree = "<group>"; };
		921C80871D03391F0057BCBD /* DemoAVItem.m */ = {isa = PBXFileReference; fileEncoding = 4; lastKnownFileType = sourcecode.c.objc; path = DemoAVItem.m; sourceTree = "<group>"; };
		921C808C1D0339410057BCBD /* DemoTTSItem.h */ = {isa = PBXFileReference; fileEncoding = 4; lastKnownFileType = sourcecode.c.h; path = DemoTTSItem.h; sourceTree = "<group>"; };
		921C808D1D0339410057BCBD /* DemoTTSItem.m */ = {isa = PBXFileReference; fileEncoding = 4; lastKnownFileType = sourcecode.c.objc; path = DemoTTSItem.m; sourceTree = "<group>"; };
		921C808F1D033D0F0057BCBD /* DemoItemBase.h */ = {isa = PBXFileReference; fileEncoding = 4; lastKnownFileType = sourcecode.c.h; path = DemoItemBase.h; sourceTree = "<group>"; };
		921C80901D033D0F0057BCBD /* DemoItemBase.m */ = {isa = PBXFileReference; fileEncoding = 4; lastKnownFileType = sourcecode.c.objc; path = DemoItemBase.m; sourceTree = "<group>"; };
		92488F271CFF281200077C78 /* WebRequestItemSource.h */ = {isa = PBXFileReference; fileEncoding = 4; lastKnownFileType = sourcecode.c.h; name = WebRequestItemSource.h; path = ItemSources/WebRequestItemSource.h; sourceTree = "<group>"; };
		92488F281CFF281200077C78 /* WebRequestItemSource.m */ = {isa = PBXFileReference; fileEncoding = 4; lastKnownFileType = sourcecode.c.objc; name = WebRequestItemSource.m; path = ItemSources/WebRequestItemSource.m; sourceTree = "<group>"; };
		92488F2A1CFF282800077C78 /* LocalCacheItemSource.h */ = {isa = PBXFileReference; fileEncoding = 4; lastKnownFileType = sourcecode.c.h; name = LocalCacheItemSource.h; path = ItemSources/LocalCacheItemSource.h; sourceTree = "<group>"; };
		92488F2B1CFF282800077C78 /* LocalCacheItemSource.m */ = {isa = PBXFileReference; fileEncoding = 4; lastKnownFileType = sourcecode.c.objc; name = LocalCacheItemSource.m; path = ItemSources/LocalCacheItemSource.m; sourceTree = "<group>"; };
		92488F311CFF2F5A00077C78 /* DemoItemFactory.h */ = {isa = PBXFileReference; fileEncoding = 4; lastKnownFileType = sourcecode.c.h; path = DemoItemFactory.h; sourceTree = "<group>"; };
		92488F321CFF2F5A00077C78 /* DemoItemFactory.m */ = {isa = PBXFileReference; fileEncoding = 4; lastKnownFileType = sourcecode.c.objc; path = DemoItemFactory.m; sourceTree = "<group>"; };
		924A4CEB1CFE97F300EC9B12 /* JVSChannelPlayerDemo.app */ = {isa = PBXFileReference; explicitFileType = wrapper.application; includeInIndex = 0; path = JVSChannelPlayerDemo.app; sourceTree = BUILT_PRODUCTS_DIR; };
		924A4CEF1CFE97F300EC9B12 /* main.m */ = {isa = PBXFileReference; lastKnownFileType = sourcecode.c.objc; path = main.m; sourceTree = "<group>"; };
		924A4CF11CFE97F300EC9B12 /* AppDelegate.h */ = {isa = PBXFileReference; lastKnownFileType = sourcecode.c.h; path = AppDelegate.h; sourceTree = "<group>"; };
		924A4CF21CFE97F300EC9B12 /* AppDelegate.m */ = {isa = PBXFileReference; lastKnownFileType = sourcecode.c.objc; path = AppDelegate.m; sourceTree = "<group>"; };
		924A4CF41CFE97F300EC9B12 /* ViewController.h */ = {isa = PBXFileReference; lastKnownFileType = sourcecode.c.h; path = ViewController.h; sourceTree = "<group>"; };
		924A4CF51CFE97F300EC9B12 /* ViewController.m */ = {isa = PBXFileReference; lastKnownFileType = sourcecode.c.objc; path = ViewController.m; sourceTree = "<group>"; };
		924A4CF81CFE97F300EC9B12 /* Base */ = {isa = PBXFileReference; lastKnownFileType = file.storyboard; name = Base; path = Base.lproj/Main.storyboard; sourceTree = "<group>"; };
		924A4CFA1CFE97F300EC9B12 /* Assets.xcassets */ = {isa = PBXFileReference; lastKnownFileType = folder.assetcatalog; path = Assets.xcassets; sourceTree = "<group>"; };
		924A4CFD1CFE97F300EC9B12 /* Base */ = {isa = PBXFileReference; lastKnownFileType = file.storyboard; name = Base; path = Base.lproj/LaunchScreen.storyboard; sourceTree = "<group>"; };
		924A4CFF1CFE97F300EC9B12 /* Info.plist */ = {isa = PBXFileReference; lastKnownFileType = text.plist.xml; path = Info.plist; sourceTree = "<group>"; };
		924A4D041CFE97F300EC9B12 /* JVSChannelPlayerDemoTests.xctest */ = {isa = PBXFileReference; explicitFileType = wrapper.cfbundle; includeInIndex = 0; path = JVSChannelPlayerDemoTests.xctest; sourceTree = BUILT_PRODUCTS_DIR; };
		924A4D081CFE97F300EC9B12 /* JVSChannelPlayerDemoTests.m */ = {isa = PBXFileReference; lastKnownFileType = sourcecode.c.objc; path = JVSChannelPlayerDemoTests.m; sourceTree = "<group>"; };
		924A4D0A1CFE97F300EC9B12 /* Info.plist */ = {isa = PBXFileReference; lastKnownFileType = text.plist.xml; path = Info.plist; sourceTree = "<group>"; };
		924A4D0F1CFE97F300EC9B12 /* JVSChannelPlayerDemoUITests.xctest */ = {isa = PBXFileReference; explicitFileType = wrapper.cfbundle; includeInIndex = 0; path = JVSChannelPlayerDemoUITests.xctest; sourceTree = BUILT_PRODUCTS_DIR; };
		924A4D131CFE97F300EC9B12 /* JVSChannelPlayerDemoUITests.m */ = {isa = PBXFileReference; lastKnownFileType = sourcecode.c.objc; path = JVSChannelPlayerDemoUITests.m; sourceTree = "<group>"; };
		924A4D151CFE97F300EC9B12 /* Info.plist */ = {isa = PBXFileReference; lastKnownFileType = text.plist.xml; path = Info.plist; sourceTree = "<group>"; };
		924A4D2A1CFE984F00EC9B12 /* JVSChannelPlayer.framework */ = {isa = PBXFileReference; lastKnownFileType = wrapper.framework; name = JVSChannelPlayer.framework; path = "../JVSChannelPlayer/build/Debug-iphoneos/JVSChannelPlayer.framework"; sourceTree = "<group>"; };
		92AC5C891D085012001561BD /* DemoChannel.h */ = {isa = PBXFileReference; fileEncoding = 4; lastKnownFileType = sourcecode.c.h; path = DemoChannel.h; sourceTree = "<group>"; };
		92AC5C8A1D085012001561BD /* DemoChannel.m */ = {isa = PBXFileReference; fileEncoding = 4; lastKnownFileType = sourcecode.c.objc; path = DemoChannel.m; sourceTree = "<group>"; };
		92CAF0961D01B7730079AB24 /* Podfile */ = {isa = PBXFileReference; fileEncoding = 4; lastKnownFileType = text; path = Podfile; sourceTree = "<group>"; };
		92CAF0981D01BEAC0079AB24 /* RSSOrAtomFeedParser.h */ = {isa = PBXFileReference; fileEncoding = 4; lastKnownFileType = sourcecode.c.h; name = RSSOrAtomFeedParser.h; path = ItemSources/RSSOrAtomFeedParser.h; sourceTree = "<group>"; };
		92CAF0991D01BEAC0079AB24 /* RSSOrAtomFeedParser.m */ = {isa = PBXFileReference; fileEncoding = 4; lastKnownFileType = sourcecode.c.objc; name = RSSOrAtomFeedParser.m; path = ItemSources/RSSOrAtomFeedParser.m; sourceTree = "<group>"; };
		92CAF0D21D01DC6E0079AB24 /* JVSChannelPlayerDemo.xcdatamodel */ = {isa = PBXFileReference; lastKnownFileType = wrapper.xcdatamodel; path = JVSChannelPlayerDemo.xcdatamodel; sourceTree = "<group>"; };
		92DD07D41D0071F0009F5D5B /* DemoPlayerFactory.h */ = {isa = PBXFileReference; fileEncoding = 4; lastKnownFileType = sourcecode.c.h; path = DemoPlayerFactory.h; sourceTree = "<group>"; };
		92DD07D51D0071F0009F5D5B /* DemoPlayerFactory.m */ = {isa = PBXFileReference; fileEncoding = 4; lastKnownFileType = sourcecode.c.objc; path = DemoPlayerFactory.m; sourceTree = "<group>"; };
		92DE34441D0B0164003694C5 /* NSString+StripHtml.h */ = {isa = PBXFileReference; fileEncoding = 4; lastKnownFileType = sourcecode.c.h; path = "NSString+StripHtml.h"; sourceTree = "<group>"; };
		92DE34451D0B0164003694C5 /* NSString+StripHtml.m */ = {isa = PBXFileReference; fileEncoding = 4; lastKnownFileType = sourcecode.c.objc; path = "NSString+StripHtml.m"; sourceTree = "<group>"; };
/* End PBXFileReference section */

/* Begin PBXFrameworksBuildPhase section */
		924A4CE81CFE97F300EC9B12 /* Frameworks */ = {
			isa = PBXFrameworksBuildPhase;
			buildActionMask = 2147483647;
			files = (
				924A4D2B1CFE984F00EC9B12 /* JVSChannelPlayer.framework in Frameworks */,
				BE21293111F7CA248780B4CB /* libPods-JVSChannelPlayerDemo.a in Frameworks */,
			);
			runOnlyForDeploymentPostprocessing = 0;
		};
		924A4D011CFE97F300EC9B12 /* Frameworks */ = {
			isa = PBXFrameworksBuildPhase;
			buildActionMask = 2147483647;
			files = (
			);
			runOnlyForDeploymentPostprocessing = 0;
		};
		924A4D0C1CFE97F300EC9B12 /* Frameworks */ = {
			isa = PBXFrameworksBuildPhase;
			buildActionMask = 2147483647;
			files = (
			);
			runOnlyForDeploymentPostprocessing = 0;
		};
/* End PBXFrameworksBuildPhase section */

/* Begin PBXGroup section */
		7B7742475EB8BB11D8E131BE /* Frameworks */ = {
			isa = PBXGroup;
			children = (
				152F2F42A5B3FD868EEFE1A4 /* libPods-JVSChannelPlayerDemo.a */,
			);
			name = Frameworks;
			sourceTree = "<group>";
		};
		840772664DB06271A5B9A6C9 /* Pods */ = {
			isa = PBXGroup;
			children = (
				070E3002577F96DC4DB9369D /* Pods-JVSChannelPlayerDemo.debug.xcconfig */,
				725CE85B459860D3A31522CD /* Pods-JVSChannelPlayerDemo.release.xcconfig */,
			);
			name = Pods;
			sourceTree = "<group>";
		};
		921C80851D0338E90057BCBD /* Items */ = {
			isa = PBXGroup;
			children = (
				921C80861D03391F0057BCBD /* DemoAVItem.h */,
				921C80871D03391F0057BCBD /* DemoAVItem.m */,
				921C808C1D0339410057BCBD /* DemoTTSItem.h */,
				921C808D1D0339410057BCBD /* DemoTTSItem.m */,
				921C808F1D033D0F0057BCBD /* DemoItemBase.h */,
				921C80901D033D0F0057BCBD /* DemoItemBase.m */,
			);
			path = Items;
			sourceTree = "<group>";
		};
		92488F261CFF27E000077C78 /* ItemSources */ = {
			isa = PBXGroup;
			children = (
				92CAF0981D01BEAC0079AB24 /* RSSOrAtomFeedParser.h */,
				92CAF0991D01BEAC0079AB24 /* RSSOrAtomFeedParser.m */,
				92488F271CFF281200077C78 /* WebRequestItemSource.h */,
				92488F281CFF281200077C78 /* WebRequestItemSource.m */,
				92488F2A1CFF282800077C78 /* LocalCacheItemSource.h */,
				92488F2B1CFF282800077C78 /* LocalCacheItemSource.m */,
			);
			name = ItemSources;
			sourceTree = "<group>";
		};
		924A4CE21CFE97F300EC9B12 = {
			isa = PBXGroup;
			children = (
				92CAF0961D01B7730079AB24 /* Podfile */,
				924A4D2A1CFE984F00EC9B12 /* JVSChannelPlayer.framework */,
				924A4CED1CFE97F300EC9B12 /* JVSChannelPlayerDemo */,
				924A4D071CFE97F300EC9B12 /* JVSChannelPlayerDemoTests */,
				924A4D121CFE97F300EC9B12 /* JVSChannelPlayerDemoUITests */,
				924A4CEC1CFE97F300EC9B12 /* Products */,
				840772664DB06271A5B9A6C9 /* Pods */,
				7B7742475EB8BB11D8E131BE /* Frameworks */,
			);
			sourceTree = "<group>";
		};
		924A4CEC1CFE97F300EC9B12 /* Products */ = {
			isa = PBXGroup;
			children = (
				924A4CEB1CFE97F300EC9B12 /* JVSChannelPlayerDemo.app */,
				924A4D041CFE97F300EC9B12 /* JVSChannelPlayerDemoTests.xctest */,
				924A4D0F1CFE97F300EC9B12 /* JVSChannelPlayerDemoUITests.xctest */,
			);
			name = Products;
			sourceTree = "<group>";
		};
		924A4CED1CFE97F300EC9B12 /* JVSChannelPlayerDemo */ = {
			isa = PBXGroup;
			children = (
				92CAF0B01D01D9CA0079AB24 /* CoreDataModel */,
				92488F261CFF27E000077C78 /* ItemSources */,
				921C80851D0338E90057BCBD /* Items */,
				924A4CF11CFE97F300EC9B12 /* AppDelegate.h */,
				924A4CF21CFE97F300EC9B12 /* AppDelegate.m */,
				924A4CF41CFE97F300EC9B12 /* ViewController.h */,
				924A4CF51CFE97F300EC9B12 /* ViewController.m */,
				92AC5C891D085012001561BD /* DemoChannel.h */,
				92AC5C8A1D085012001561BD /* DemoChannel.m */,
				92488F311CFF2F5A00077C78 /* DemoItemFactory.h */,
				92488F321CFF2F5A00077C78 /* DemoItemFactory.m */,
				92DD07D41D0071F0009F5D5B /* DemoPlayerFactory.h */,
				92DD07D51D0071F0009F5D5B /* DemoPlayerFactory.m */,
				924A4CF71CFE97F300EC9B12 /* Main.storyboard */,
				924A4CFA1CFE97F300EC9B12 /* Assets.xcassets */,
				924A4CFC1CFE97F300EC9B12 /* LaunchScreen.storyboard */,
				924A4CFF1CFE97F300EC9B12 /* Info.plist */,
				924A4CEE1CFE97F300EC9B12 /* Supporting Files */,
				92DE34441D0B0164003694C5 /* NSString+StripHtml.h */,
				92DE34451D0B0164003694C5 /* NSString+StripHtml.m */,
			);
			path = JVSChannelPlayerDemo;
			sourceTree = "<group>";
		};
		924A4CEE1CFE97F300EC9B12 /* Supporting Files */ = {
			isa = PBXGroup;
			children = (
				924A4CEF1CFE97F300EC9B12 /* main.m */,
			);
			name = "Supporting Files";
			sourceTree = "<group>";
		};
		924A4D071CFE97F300EC9B12 /* JVSChannelPlayerDemoTests */ = {
			isa = PBXGroup;
			children = (
				924A4D081CFE97F300EC9B12 /* JVSChannelPlayerDemoTests.m */,
				924A4D0A1CFE97F300EC9B12 /* Info.plist */,
			);
			path = JVSChannelPlayerDemoTests;
			sourceTree = "<group>";
		};
		924A4D121CFE97F300EC9B12 /* JVSChannelPlayerDemoUITests */ = {
			isa = PBXGroup;
			children = (
				924A4D131CFE97F300EC9B12 /* JVSChannelPlayerDemoUITests.m */,
				924A4D151CFE97F300EC9B12 /* Info.plist */,
			);
			path = JVSChannelPlayerDemoUITests;
			sourceTree = "<group>";
		};
		92CAF0B01D01D9CA0079AB24 /* CoreDataModel */ = {
			isa = PBXGroup;
			children = (
				92CAF0D11D01DC6E0079AB24 /* JVSChannelPlayerDemo.xcdatamodeld */,
				921C80731D0334580057BCBD /* Feed+CoreDataProperties.h */,
				921C80741D0334580057BCBD /* Feed+CoreDataProperties.m */,
				921C80751D0334580057BCBD /* Feed.h */,
				921C80761D0334580057BCBD /* Feed.m */,
				921C80771D0334580057BCBD /* FeedItem+CoreDataProperties.h */,
				921C80781D0334580057BCBD /* FeedItem+CoreDataProperties.m */,
				921C80791D0334580057BCBD /* FeedItem.h */,
				921C807A1D0334580057BCBD /* FeedItem.m */,
				921C807B1D0334580057BCBD /* FeedItemEnclosure+CoreDataProperties.h */,
				921C807C1D0334580057BCBD /* FeedItemEnclosure+CoreDataProperties.m */,
				921C807D1D0334580057BCBD /* FeedItemEnclosure.h */,
				921C807E1D0334580057BCBD /* FeedItemEnclosure.m */,
			);
			path = CoreDataModel;
			sourceTree = "<group>";
		};
/* End PBXGroup section */

/* Begin PBXNativeTarget section */
		924A4CEA1CFE97F300EC9B12 /* JVSChannelPlayerDemo */ = {
			isa = PBXNativeTarget;
			buildConfigurationList = 924A4D181CFE97F300EC9B12 /* Build configuration list for PBXNativeTarget "JVSChannelPlayerDemo" */;
			buildPhases = (
				164CCBC74DD35277354D9103 /* 📦 Check Pods Manifest.lock */,
				924A4CE71CFE97F300EC9B12 /* Sources */,
				924A4CE81CFE97F300EC9B12 /* Frameworks */,
				924A4CE91CFE97F300EC9B12 /* Resources */,
				6042767CB584CF69EC070730 /* 📦 Embed Pods Frameworks */,
				7ADEBC78D79A7E8AF89AD31B /* 📦 Copy Pods Resources */,
			);
			buildRules = (
			);
			dependencies = (
			);
			name = JVSChannelPlayerDemo;
			productName = JVSChannelPlayerDemo;
			productReference = 924A4CEB1CFE97F300EC9B12 /* JVSChannelPlayerDemo.app */;
			productType = "com.apple.product-type.application";
		};
		924A4D031CFE97F300EC9B12 /* JVSChannelPlayerDemoTests */ = {
			isa = PBXNativeTarget;
			buildConfigurationList = 924A4D1B1CFE97F300EC9B12 /* Build configuration list for PBXNativeTarget "JVSChannelPlayerDemoTests" */;
			buildPhases = (
				924A4D001CFE97F300EC9B12 /* Sources */,
				924A4D011CFE97F300EC9B12 /* Frameworks */,
				924A4D021CFE97F300EC9B12 /* Resources */,
			);
			buildRules = (
			);
			dependencies = (
				924A4D061CFE97F300EC9B12 /* PBXTargetDependency */,
			);
			name = JVSChannelPlayerDemoTests;
			productName = JVSChannelPlayerDemoTests;
			productReference = 924A4D041CFE97F300EC9B12 /* JVSChannelPlayerDemoTests.xctest */;
			productType = "com.apple.product-type.bundle.unit-test";
		};
		924A4D0E1CFE97F300EC9B12 /* JVSChannelPlayerDemoUITests */ = {
			isa = PBXNativeTarget;
			buildConfigurationList = 924A4D1E1CFE97F300EC9B12 /* Build configuration list for PBXNativeTarget "JVSChannelPlayerDemoUITests" */;
			buildPhases = (
				924A4D0B1CFE97F300EC9B12 /* Sources */,
				924A4D0C1CFE97F300EC9B12 /* Frameworks */,
				924A4D0D1CFE97F300EC9B12 /* Resources */,
			);
			buildRules = (
			);
			dependencies = (
				924A4D111CFE97F300EC9B12 /* PBXTargetDependency */,
			);
			name = JVSChannelPlayerDemoUITests;
			productName = JVSChannelPlayerDemoUITests;
			productReference = 924A4D0F1CFE97F300EC9B12 /* JVSChannelPlayerDemoUITests.xctest */;
			productType = "com.apple.product-type.bundle.ui-testing";
		};
/* End PBXNativeTarget section */

/* Begin PBXProject section */
		924A4CE31CFE97F300EC9B12 /* Project object */ = {
			isa = PBXProject;
			attributes = {
				LastUpgradeCheck = 0730;
				ORGANIZATIONNAME = "Jon Schang";
				TargetAttributes = {
					924A4CEA1CFE97F300EC9B12 = {
						CreatedOnToolsVersion = 7.3.1;
					};
					924A4D031CFE97F300EC9B12 = {
						CreatedOnToolsVersion = 7.3.1;
						TestTargetID = 924A4CEA1CFE97F300EC9B12;
					};
					924A4D0E1CFE97F300EC9B12 = {
						CreatedOnToolsVersion = 7.3.1;
						TestTargetID = 924A4CEA1CFE97F300EC9B12;
					};
				};
			};
			buildConfigurationList = 924A4CE61CFE97F300EC9B12 /* Build configuration list for PBXProject "JVSChannelPlayerDemo" */;
			compatibilityVersion = "Xcode 3.2";
			developmentRegion = English;
			hasScannedForEncodings = 0;
			knownRegions = (
				en,
				Base,
			);
			mainGroup = 924A4CE21CFE97F300EC9B12;
			productRefGroup = 924A4CEC1CFE97F300EC9B12 /* Products */;
			projectDirPath = "";
			projectRoot = "";
			targets = (
				924A4CEA1CFE97F300EC9B12 /* JVSChannelPlayerDemo */,
				924A4D031CFE97F300EC9B12 /* JVSChannelPlayerDemoTests */,
				924A4D0E1CFE97F300EC9B12 /* JVSChannelPlayerDemoUITests */,
			);
		};
/* End PBXProject section */

/* Begin PBXResourcesBuildPhase section */
		924A4CE91CFE97F300EC9B12 /* Resources */ = {
			isa = PBXResourcesBuildPhase;
			buildActionMask = 2147483647;
			files = (
				924A4CFE1CFE97F300EC9B12 /* LaunchScreen.storyboard in Resources */,
				924A4CFB1CFE97F300EC9B12 /* Assets.xcassets in Resources */,
				92CAF0971D01B7730079AB24 /* Podfile in Resources */,
				924A4CF91CFE97F300EC9B12 /* Main.storyboard in Resources */,
			);
			runOnlyForDeploymentPostprocessing = 0;
		};
		924A4D021CFE97F300EC9B12 /* Resources */ = {
			isa = PBXResourcesBuildPhase;
			buildActionMask = 2147483647;
			files = (
			);
			runOnlyForDeploymentPostprocessing = 0;
		};
		924A4D0D1CFE97F300EC9B12 /* Resources */ = {
			isa = PBXResourcesBuildPhase;
			buildActionMask = 2147483647;
			files = (
			);
			runOnlyForDeploymentPostprocessing = 0;
		};
/* End PBXResourcesBuildPhase section */

/* Begin PBXShellScriptBuildPhase section */
		164CCBC74DD35277354D9103 /* 📦 Check Pods Manifest.lock */ = {
			isa = PBXShellScriptBuildPhase;
			buildActionMask = 2147483647;
			files = (
			);
			inputPaths = (
			);
			name = "📦 Check Pods Manifest.lock";
			outputPaths = (
			);
			runOnlyForDeploymentPostprocessing = 0;
			shellPath = /bin/sh;
			shellScript = "diff \"${PODS_ROOT}/../Podfile.lock\" \"${PODS_ROOT}/Manifest.lock\" > /dev/null\nif [[ $? != 0 ]] ; then\n    cat << EOM\nerror: The sandbox is not in sync with the Podfile.lock. Run 'pod install' or update your CocoaPods installation.\nEOM\n    exit 1\nfi\n";
			showEnvVarsInLog = 0;
		};
		6042767CB584CF69EC070730 /* 📦 Embed Pods Frameworks */ = {
			isa = PBXShellScriptBuildPhase;
			buildActionMask = 2147483647;
			files = (
			);
			inputPaths = (
			);
			name = "📦 Embed Pods Frameworks";
			outputPaths = (
			);
			runOnlyForDeploymentPostprocessing = 0;
			shellPath = /bin/sh;
			shellScript = "\"${SRCROOT}/Pods/Target Support Files/Pods-JVSChannelPlayerDemo/Pods-JVSChannelPlayerDemo-frameworks.sh\"\n";
			showEnvVarsInLog = 0;
		};
		7ADEBC78D79A7E8AF89AD31B /* 📦 Copy Pods Resources */ = {
			isa = PBXShellScriptBuildPhase;
			buildActionMask = 2147483647;
			files = (
			);
			inputPaths = (
			);
			name = "📦 Copy Pods Resources";
			outputPaths = (
			);
			runOnlyForDeploymentPostprocessing = 0;
			shellPath = /bin/sh;
			shellScript = "\"${SRCROOT}/Pods/Target Support Files/Pods-JVSChannelPlayerDemo/Pods-JVSChannelPlayerDemo-resources.sh\"\n";
			showEnvVarsInLog = 0;
		};
/* End PBXShellScriptBuildPhase section */

/* Begin PBXSourcesBuildPhase section */
		924A4CE71CFE97F300EC9B12 /* Sources */ = {
			isa = PBXSourcesBuildPhase;
			buildActionMask = 2147483647;
			files = (
				921C80881D03391F0057BCBD /* DemoAVItem.m in Sources */,
				92DE34461D0B0164003694C5 /* NSString+StripHtml.m in Sources */,
				92DD07D61D0071F0009F5D5B /* DemoPlayerFactory.m in Sources */,
				921C80801D0334580057BCBD /* Feed.m in Sources */,
				92488F2C1CFF282800077C78 /* LocalCacheItemSource.m in Sources */,
				92488F291CFF281200077C78 /* WebRequestItemSource.m in Sources */,
				92AC5C8B1D085012001561BD /* DemoChannel.m in Sources */,
				92CAF0D91D01DC6E0079AB24 /* JVSChannelPlayerDemo.xcdatamodeld in Sources */,
				92CAF09A1D01BEAC0079AB24 /* RSSOrAtomFeedParser.m in Sources */,
				921C80811D0334580057BCBD /* FeedItem+CoreDataProperties.m in Sources */,
				921C808E1D0339410057BCBD /* DemoTTSItem.m in Sources */,
				921C80841D0334580057BCBD /* FeedItemEnclosure.m in Sources */,
				92488F331CFF2F5A00077C78 /* DemoItemFactory.m in Sources */,
				924A4CF61CFE97F300EC9B12 /* ViewController.m in Sources */,
				921C80911D033D0F0057BCBD /* DemoItemBase.m in Sources */,
				924A4CF31CFE97F300EC9B12 /* AppDelegate.m in Sources */,
				924A4CF01CFE97F300EC9B12 /* main.m in Sources */,
				921C807F1D0334580057BCBD /* Feed+CoreDataProperties.m in Sources */,
				921C80821D0334580057BCBD /* FeedItem.m in Sources */,
				921C80831D0334580057BCBD /* FeedItemEnclosure+CoreDataProperties.m in Sources */,
			);
			runOnlyForDeploymentPostprocessing = 0;
		};
		924A4D001CFE97F300EC9B12 /* Sources */ = {
			isa = PBXSourcesBuildPhase;
			buildActionMask = 2147483647;
			files = (
				924A4D091CFE97F300EC9B12 /* JVSChannelPlayerDemoTests.m in Sources */,
			);
			runOnlyForDeploymentPostprocessing = 0;
		};
		924A4D0B1CFE97F300EC9B12 /* Sources */ = {
			isa = PBXSourcesBuildPhase;
			buildActionMask = 2147483647;
			files = (
				924A4D141CFE97F300EC9B12 /* JVSChannelPlayerDemoUITests.m in Sources */,
			);
			runOnlyForDeploymentPostprocessing = 0;
		};
/* End PBXSourcesBuildPhase section */

/* Begin PBXTargetDependency section */
		924A4D061CFE97F300EC9B12 /* PBXTargetDependency */ = {
			isa = PBXTargetDependency;
			target = 924A4CEA1CFE97F300EC9B12 /* JVSChannelPlayerDemo */;
			targetProxy = 924A4D051CFE97F300EC9B12 /* PBXContainerItemProxy */;
		};
		924A4D111CFE97F300EC9B12 /* PBXTargetDependency */ = {
			isa = PBXTargetDependency;
			target = 924A4CEA1CFE97F300EC9B12 /* JVSChannelPlayerDemo */;
			targetProxy = 924A4D101CFE97F300EC9B12 /* PBXContainerItemProxy */;
		};
/* End PBXTargetDependency section */

/* Begin PBXVariantGroup section */
		924A4CF71CFE97F300EC9B12 /* Main.storyboard */ = {
			isa = PBXVariantGroup;
			children = (
				924A4CF81CFE97F300EC9B12 /* Base */,
			);
			name = Main.storyboard;
			sourceTree = "<group>";
		};
		924A4CFC1CFE97F300EC9B12 /* LaunchScreen.storyboard */ = {
			isa = PBXVariantGroup;
			children = (
				924A4CFD1CFE97F300EC9B12 /* Base */,
			);
			name = LaunchScreen.storyboard;
			sourceTree = "<group>";
		};
/* End PBXVariantGroup section */

/* Begin XCBuildConfiguration section */
		924A4D161CFE97F300EC9B12 /* Debug */ = {
			isa = XCBuildConfiguration;
			buildSettings = {
				ALWAYS_SEARCH_USER_PATHS = NO;
				CLANG_ANALYZER_NONNULL = YES;
				CLANG_CXX_LANGUAGE_STANDARD = "gnu++0x";
				CLANG_CXX_LIBRARY = "libc++";
				CLANG_ENABLE_MODULES = YES;
				CLANG_ENABLE_OBJC_ARC = YES;
				CLANG_WARN_BOOL_CONVERSION = YES;
				CLANG_WARN_CONSTANT_CONVERSION = YES;
				CLANG_WARN_DIRECT_OBJC_ISA_USAGE = YES_ERROR;
				CLANG_WARN_EMPTY_BODY = YES;
				CLANG_WARN_ENUM_CONVERSION = YES;
				CLANG_WARN_INT_CONVERSION = YES;
				CLANG_WARN_OBJC_ROOT_CLASS = YES_ERROR;
				CLANG_WARN_UNREACHABLE_CODE = YES;
				CLANG_WARN__DUPLICATE_METHOD_MATCH = YES;
				"CODE_SIGN_IDENTITY[sdk=iphoneos*]" = "iPhone Developer";
				COPY_PHASE_STRIP = NO;
				DEBUG_INFORMATION_FORMAT = dwarf;
				ENABLE_STRICT_OBJC_MSGSEND = YES;
				ENABLE_TESTABILITY = YES;
				GCC_C_LANGUAGE_STANDARD = gnu99;
				GCC_DYNAMIC_NO_PIC = NO;
				GCC_NO_COMMON_BLOCKS = YES;
				GCC_OPTIMIZATION_LEVEL = 0;
				GCC_PREPROCESSOR_DEFINITIONS = (
					"DEBUG=1",
					"$(inherited)",
				);
				GCC_WARN_64_TO_32_BIT_CONVERSION = YES;
				GCC_WARN_ABOUT_RETURN_TYPE = YES_ERROR;
				GCC_WARN_UNDECLARED_SELECTOR = YES;
				GCC_WARN_UNINITIALIZED_AUTOS = YES_AGGRESSIVE;
				GCC_WARN_UNUSED_FUNCTION = YES;
				GCC_WARN_UNUSED_VARIABLE = YES;
				IPHONEOS_DEPLOYMENT_TARGET = 9.3;
				MTL_ENABLE_DEBUG_INFO = YES;
				ONLY_ACTIVE_ARCH = YES;
				SDKROOT = iphoneos;
			};
			name = Debug;
		};
		924A4D171CFE97F300EC9B12 /* Release */ = {
			isa = XCBuildConfiguration;
			buildSettings = {
				ALWAYS_SEARCH_USER_PATHS = NO;
				CLANG_ANALYZER_NONNULL = YES;
				CLANG_CXX_LANGUAGE_STANDARD = "gnu++0x";
				CLANG_CXX_LIBRARY = "libc++";
				CLANG_ENABLE_MODULES = YES;
				CLANG_ENABLE_OBJC_ARC = YES;
				CLANG_WARN_BOOL_CONVERSION = YES;
				CLANG_WARN_CONSTANT_CONVERSION = YES;
				CLANG_WARN_DIRECT_OBJC_ISA_USAGE = YES_ERROR;
				CLANG_WARN_EMPTY_BODY = YES;
				CLANG_WARN_ENUM_CONVERSION = YES;
				CLANG_WARN_INT_CONVERSION = YES;
				CLANG_WARN_OBJC_ROOT_CLASS = YES_ERROR;
				CLANG_WARN_UNREACHABLE_CODE = YES;
				CLANG_WARN__DUPLICATE_METHOD_MATCH = YES;
				"CODE_SIGN_IDENTITY[sdk=iphoneos*]" = "iPhone Developer";
				COPY_PHASE_STRIP = NO;
				DEBUG_INFORMATION_FORMAT = "dwarf-with-dsym";
				ENABLE_NS_ASSERTIONS = NO;
				ENABLE_STRICT_OBJC_MSGSEND = YES;
				GCC_C_LANGUAGE_STANDARD = gnu99;
				GCC_NO_COMMON_BLOCKS = YES;
				GCC_WARN_64_TO_32_BIT_CONVERSION = YES;
				GCC_WARN_ABOUT_RETURN_TYPE = YES_ERROR;
				GCC_WARN_UNDECLARED_SELECTOR = YES;
				GCC_WARN_UNINITIALIZED_AUTOS = YES_AGGRESSIVE;
				GCC_WARN_UNUSED_FUNCTION = YES;
				GCC_WARN_UNUSED_VARIABLE = YES;
				IPHONEOS_DEPLOYMENT_TARGET = 9.3;
				MTL_ENABLE_DEBUG_INFO = NO;
				SDKROOT = iphoneos;
				VALIDATE_PRODUCT = YES;
			};
			name = Release;
		};
		924A4D191CFE97F300EC9B12 /* Debug */ = {
			isa = XCBuildConfiguration;
			baseConfigurationReference = 070E3002577F96DC4DB9369D /* Pods-JVSChannelPlayerDemo.debug.xcconfig */;
			buildSettings = {
				ASSETCATALOG_COMPILER_APPICON_NAME = AppIcon;
				INFOPLIST_FILE = JVSChannelPlayerDemo/Info.plist;
				LD_RUNPATH_SEARCH_PATHS = "$(inherited) @executable_path/Frameworks";
				PRODUCT_BUNDLE_IDENTIFIER = com.jonschang.JVSChannelPlayerDemo;
				PRODUCT_NAME = "$(TARGET_NAME)";
			};
			name = Debug;
		};
		924A4D1A1CFE97F300EC9B12 /* Release */ = {
			isa = XCBuildConfiguration;
			baseConfigurationReference = 725CE85B459860D3A31522CD /* Pods-JVSChannelPlayerDemo.release.xcconfig */;
			buildSettings = {
				ASSETCATALOG_COMPILER_APPICON_NAME = AppIcon;
				INFOPLIST_FILE = JVSChannelPlayerDemo/Info.plist;
				LD_RUNPATH_SEARCH_PATHS = "$(inherited) @executable_path/Frameworks";
				PRODUCT_BUNDLE_IDENTIFIER = com.jonschang.JVSChannelPlayerDemo;
				PRODUCT_NAME = "$(TARGET_NAME)";
			};
			name = Release;
		};
		924A4D1C1CFE97F300EC9B12 /* Debug */ = {
			isa = XCBuildConfiguration;
			buildSettings = {
				BUNDLE_LOADER = "$(TEST_HOST)";
				INFOPLIST_FILE = JVSChannelPlayerDemoTests/Info.plist;
				LD_RUNPATH_SEARCH_PATHS = "$(inherited) @executable_path/Frameworks @loader_path/Frameworks";
				PRODUCT_BUNDLE_IDENTIFIER = com.jonschang.JVSChannelPlayerDemoTests;
				PRODUCT_NAME = "$(TARGET_NAME)";
				TEST_HOST = "$(BUILT_PRODUCTS_DIR)/JVSChannelPlayerDemo.app/JVSChannelPlayerDemo";
			};
			name = Debug;
		};
		924A4D1D1CFE97F300EC9B12 /* Release */ = {
			isa = XCBuildConfiguration;
			buildSettings = {
				BUNDLE_LOADER = "$(TEST_HOST)";
				INFOPLIST_FILE = JVSChannelPlayerDemoTests/Info.plist;
				LD_RUNPATH_SEARCH_PATHS = "$(inherited) @executable_path/Frameworks @loader_path/Frameworks";
				PRODUCT_BUNDLE_IDENTIFIER = com.jonschang.JVSChannelPlayerDemoTests;
				PRODUCT_NAME = "$(TARGET_NAME)";
				TEST_HOST = "$(BUILT_PRODUCTS_DIR)/JVSChannelPlayerDemo.app/JVSChannelPlayerDemo";
			};
			name = Release;
		};
		924A4D1F1CFE97F300EC9B12 /* Debug */ = {
			isa = XCBuildConfiguration;
			buildSettings = {
				INFOPLIST_FILE = JVSChannelPlayerDemoUITests/Info.plist;
				LD_RUNPATH_SEARCH_PATHS = "$(inherited) @executable_path/Frameworks @loader_path/Frameworks";
				PRODUCT_BUNDLE_IDENTIFIER = com.jonschang.JVSChannelPlayerDemoUITests;
				PRODUCT_NAME = "$(TARGET_NAME)";
				TEST_TARGET_NAME = JVSChannelPlayerDemo;
			};
			name = Debug;
		};
		924A4D201CFE97F300EC9B12 /* Release */ = {
			isa = XCBuildConfiguration;
			buildSettings = {
				INFOPLIST_FILE = JVSChannelPlayerDemoUITests/Info.plist;
				LD_RUNPATH_SEARCH_PATHS = "$(inherited) @executable_path/Frameworks @loader_path/Frameworks";
				PRODUCT_BUNDLE_IDENTIFIER = com.jonschang.JVSChannelPlayerDemoUITests;
				PRODUCT_NAME = "$(TARGET_NAME)";
				TEST_TARGET_NAME = JVSChannelPlayerDemo;
			};
			name = Release;
		};
/* End XCBuildConfiguration section */

/* Begin XCConfigurationList section */
		924A4CE61CFE97F300EC9B12 /* Build configuration list for PBXProject "JVSChannelPlayerDemo" */ = {
			isa = XCConfigurationList;
			buildConfigurations = (
				924A4D161CFE97F300EC9B12 /* Debug */,
				924A4D171CFE97F300EC9B12 /* Release */,
			);
			defaultConfigurationIsVisible = 0;
			defaultConfigurationName = Release;
		};
		924A4D181CFE97F300EC9B12 /* Build configuration list for PBXNativeTarget "JVSChannelPlayerDemo" */ = {
			isa = XCConfigurationList;
			buildConfigurations = (
				924A4D191CFE97F300EC9B12 /* Debug */,
				924A4D1A1CFE97F300EC9B12 /* Release */,
			);
			defaultConfigurationIsVisible = 0;
			defaultConfigurationName = Release;
		};
		924A4D1B1CFE97F300EC9B12 /* Build configuration list for PBXNativeTarget "JVSChannelPlayerDemoTests" */ = {
			isa = XCConfigurationList;
			buildConfigurations = (
				924A4D1C1CFE97F300EC9B12 /* Debug */,
				924A4D1D1CFE97F300EC9B12 /* Release */,
			);
			defaultConfigurationIsVisible = 0;
			defaultConfigurationName = Release;
		};
		924A4D1E1CFE97F300EC9B12 /* Build configuration list for PBXNativeTarget "JVSChannelPlayerDemoUITests" */ = {
			isa = XCConfigurationList;
			buildConfigurations = (
				924A4D1F1CFE97F300EC9B12 /* Debug */,
				924A4D201CFE97F300EC9B12 /* Release */,
			);
			defaultConfigurationIsVisible = 0;
			defaultConfigurationName = Release;
		};
/* End XCConfigurationList section */

/* Begin XCVersionGroup section */
		92CAF0D11D01DC6E0079AB24 /* JVSChannelPlayerDemo.xcdatamodeld */ = {
			isa = XCVersionGroup;
			children = (
				92CAF0D21D01DC6E0079AB24 /* JVSChannelPlayerDemo.xcdatamodel */,
			);
			currentVersion = 92CAF0D21D01DC6E0079AB24 /* JVSChannelPlayerDemo.xcdatamodel */;
			path = JVSChannelPlayerDemo.xcdatamodeld;
			sourceTree = "<group>";
			versionGroupType = wrapper.xcdatamodel;
		};
/* End XCVersionGroup section */
	};
	rootObject = 924A4CE31CFE97F300EC9B12 /* Project object */;
}
